
Microsoft Visual Studio Solution File, Format Version 11.00
# Visual Studio 2010
# SharpDevelop 4.3
Project("{FAE04EC0-301F-11D3-BF4B-00C04F79EFBC}") = "Yamaha_Remote_Console", "Yamaha_Remote_Console.csproj", "{77F7EEFA-73AF-425C-AAFB-331698D2697C}"
EndProject
Global
	GlobalSection(SolutionConfigurationPlatforms) = preSolution
		Debug|Any CPU = Debug|Any CPU
		Release|Any CPU = Release|Any CPU
	EndGlobalSection
	GlobalSection(ProjectConfigurationPlatforms) = postSolution
		{77F7EEFA-73AF-425C-AAFB-331698D2697C}.Debug|Any CPU.Build.0 = Debug|Any CPU
		{77F7EEFA-73AF-425C-AAFB-331698D2697C}.Debug|Any CPU.ActiveCfg = Debug|Any CPU
		{77F7EEFA-73AF-425C-AAFB-331698D2697C}.Release|Any CPU.Build.0 = Release|Any CPU
		{77F7EEFA-73AF-425C-AAFB-331698D2697C}.Release|Any CPU.ActiveCfg = Release|Any CPU
	EndGlobalSection
EndGlobal
